
Microsoft Visual Studio Solution File, Format Version 12.00
# Visual Studio Version 17
VisualStudioVersion = 17.11.35222.181
MinimumVisualStudioVersion = 10.0.40219.1
Project("{FAE04EC0-301F-11D3-BF4B-00C04F79EFBC}") = "MarcasAutosAPI", "MarcasAutosAPI\MarcasAutosAPI.csproj", "{5F21DCDD-4849-42AD-934E-354097B970E1}"
EndProject
Project("{9A19103F-16F7-4668-BE54-9A1E7A4F7556}") = "MarcasAutosAPI.Tests", "MarcasAutosAPI.Tests\MarcasAutosAPI.Tests.csproj", "{A7C18DE3-04FA-4A11-98BC-1590A6BB2B07}"
EndProject
Global
	GlobalSection(SolutionConfigurationPlatforms) = preSolution
		Debug|Any CPU = Debug|Any CPU
		Release|Any CPU = Release|Any CPU
	EndGlobalSection
	GlobalSection(ProjectConfigurationPlatforms) = postSolution
		{5F21DCDD-4849-42AD-934E-354097B970E1}.Debug|Any CPU.ActiveCfg = Debug|Any CPU
		{5F21DCDD-4849-42AD-934E-354097B970E1}.Debug|Any CPU.Build.0 = Debug|Any CPU
		{5F21DCDD-4849-42AD-934E-354097B970E1}.Release|Any CPU.ActiveCfg = Release|Any CPU
		{5F21DCDD-4849-42AD-934E-354097B970E1}.Release|Any CPU.Build.0 = Release|Any CPU
		{A7C18DE3-04FA-4A11-98BC-1590A6BB2B07}.Debug|Any CPU.ActiveCfg = Debug|Any CPU
		{A7C18DE3-04FA-4A11-98BC-1590A6BB2B07}.Debug|Any CPU.Build.0 = Debug|Any CPU
		{A7C18DE3-04FA-4A11-98BC-1590A6BB2B07}.Release|Any CPU.ActiveCfg = Release|Any CPU
		{A7C18DE3-04FA-4A11-98BC-1590A6BB2B07}.Release|Any CPU.Build.0 = Release|Any CPU
	EndGlobalSection
	GlobalSection(SolutionProperties) = preSolution
		HideSolutionNode = FALSE
	EndGlobalSection
	GlobalSection(ExtensibilityGlobals) = postSolution
		SolutionGuid = {B081FCB6-ACA1-497E-A93C-9848D65316AF}
	EndGlobalSection
EndGlobal
